// !$*UTF8*$!
{
	archiveVersion = 1;
	classes = {
	};
	objectVersion = 55;
	objects = {

/* Begin PBXBuildFile section */
		A76FC00A26970EB100C68D89 /* 清松手寫體2jas.ttf in Resources */ = {isa = PBXBuildFile; fileRef = A76FC00926970EB100C68D89 /* 清松手寫體2jas.ttf */; };
		A76FC00B26970EB100C68D89 /* 清松手寫體2jas.ttf in Resources */ = {isa = PBXBuildFile; fileRef = A76FC00926970EB100C68D89 /* 清松手寫體2jas.ttf */; };
		A76FC00C26970EB100C68D89 /* 清松手寫體2jas.ttf in Resources */ = {isa = PBXBuildFile; fileRef = A76FC00926970EB100C68D89 /* 清松手寫體2jas.ttf */; };
		A7AD9B0E26970273000354FB /* AppDelegate.swift in Sources */ = {isa = PBXBuildFile; fileRef = A7AD9B0D26970273000354FB /* AppDelegate.swift */; };
		A7AD9B1026970273000354FB /* SceneDelegate.swift in Sources */ = {isa = PBXBuildFile; fileRef = A7AD9B0F26970273000354FB /* SceneDelegate.swift */; };
		A7AD9B1226970273000354FB /* ViewController.swift in Sources */ = {isa = PBXBuildFile; fileRef = A7AD9B1126970273000354FB /* ViewController.swift */; };
		A7AD9B1526970273000354FB /* Main.storyboard in Resources */ = {isa = PBXBuildFile; fileRef = A7AD9B1326970273000354FB /* Main.storyboard */; };
		A7AD9B1726970274000354FB /* Assets.xcassets in Resources */ = {isa = PBXBuildFile; fileRef = A7AD9B1626970274000354FB /* Assets.xcassets */; };
		A7AD9B1A26970274000354FB /* LaunchScreen.storyboard in Resources */ = {isa = PBXBuildFile; fileRef = A7AD9B1826970274000354FB /* LaunchScreen.storyboard */; };
		A7AD9B2526970274000354FB /* smallGameTests.swift in Sources */ = {isa = PBXBuildFile; fileRef = A7AD9B2426970274000354FB /* smallGameTests.swift */; };
		A7AD9B2F26970274000354FB /* smallGameUITests.swift in Sources */ = {isa = PBXBuildFile; fileRef = A7AD9B2E26970274000354FB /* smallGameUITests.swift */; };
/* End PBXBuildFile section */

/* Begin PBXContainerItemProxy section */
		A7AD9B2126970274000354FB /* PBXContainerItemProxy */ = {
			isa = PBXContainerItemProxy;
			containerPortal = A7AD9B0226970273000354FB /* Project object */;
			proxyType = 1;
			remoteGlobalIDString = A7AD9B0926970273000354FB;
			remoteInfo = smallGame;
		};
		A7AD9B2B26970274000354FB /* PBXContainerItemProxy */ = {
			isa = PBXContainerItemProxy;
			containerPortal = A7AD9B0226970273000354FB /* Project object */;
			proxyType = 1;
			remoteGlobalIDString = A7AD9B0926970273000354FB;
			remoteInfo = smallGame;
		};
/* End PBXContainerItemProxy section */

/* Begin PBXFileReference section */
		A76FC00926970EB100C68D89 /* 清松手寫體2jas.ttf */ = {isa = PBXFileReference; lastKnownFileType = file; name = "清松手寫體2jas.ttf"; path = "../../../Downloads/字型/清松手寫體2jas.ttf"; sourceTree = "<group>"; };
		A7AD9B0A26970273000354FB /* smallGame.app */ = {isa = PBXFileReference; explicitFileType = wrapper.application; includeInIndex = 0; path = smallGame.app; sourceTree = BUILT_PRODUCTS_DIR; };
		A7AD9B0D26970273000354FB /* AppDelegate.swift */ = {isa = PBXFileReference; lastKnownFileType = sourcecode.swift; path = AppDelegate.swift; sourceTree = "<group>"; };
		A7AD9B0F26970273000354FB /* SceneDelegate.swift */ = {isa = PBXFileReference; lastKnownFileType = sourcecode.swift; path = SceneDelegate.swift; sourceTree = "<group>"; };
		A7AD9B1126970273000354FB /* ViewController.swift */ = {isa = PBXFileReference; lastKnownFileType = sourcecode.swift; path = ViewController.swift; sourceTree = "<group>"; };
		A7AD9B1426970273000354FB /* Base */ = {isa = PBXFileReference; lastKnownFileType = file.storyboard; name = Base; path = Base.lproj/Main.storyboard; sourceTree = "<group>"; };
		A7AD9B1626970274000354FB /* Assets.xcassets */ = {isa = PBXFileReference; lastKnownFileType = folder.assetcatalog; path = Assets.xcassets; sourceTree = "<group>"; };
		A7AD9B1926970274000354FB /* Base */ = {isa = PBXFileReference; lastKnownFileType = file.storyboard; name = Base; path = Base.lproj/LaunchScreen.storyboard; sourceTree = "<group>"; };
		A7AD9B1B26970274000354FB /* Info.plist */ = {isa = PBXFileReference; lastKnownFileType = text.plist.xml; path = Info.plist; sourceTree = "<group>"; };
		A7AD9B2026970274000354FB /* smallGameTests.xctest */ = {isa = PBXFileReference; explicitFileType = wrapper.cfbundle; includeInIndex = 0; path = smallGameTests.xctest; sourceTree = BUILT_PRODUCTS_DIR; };
		A7AD9B2426970274000354FB /* smallGameTests.swift */ = {isa = PBXFileReference; lastKnownFileType = sourcecode.swift; path = smallGameTests.swift; sourceTree = "<group>"; };
		A7AD9B2A26970274000354FB /* smallGameUITests.xctest */ = {isa = PBXFileReference; explicitFileType = wrapper.cfbundle; includeInIndex = 0; path = smallGameUITests.xctest; sourceTree = BUILT_PRODUCTS_DIR; };
		A7AD9B2E26970274000354FB /* smallGameUITests.swift */ = {isa = PBXFileReference; lastKnownFileType = sourcecode.swift; path = smallGameUITests.swift; sourceTree = "<group>"; };
/* End PBXFileReference section */

/* Begin PBXFrameworksBuildPhase section */
		A7AD9B0726970273000354FB /* Frameworks */ = {
			isa = PBXFrameworksBuildPhase;
			buildActionMask = 2147483647;
			files = (
			);
			runOnlyForDeploymentPostprocessing = 0;
		};
		A7AD9B1D26970274000354FB /* Frameworks */ = {
			isa = PBXFrameworksBuildPhase;
			buildActionMask = 2147483647;
			files = (
			);
			runOnlyForDeploymentPostprocessing = 0;
		};
		A7AD9B2726970274000354FB /* Frameworks */ = {
			isa = PBXFrameworksBuildPhase;
			buildActionMask = 2147483647;
			files = (
			);
			runOnlyForDeploymentPostprocessing = 0;
		};
/* End PBXFrameworksBuildPhase section */

/* Begin PBXGroup section */
		A7AD9B0126970273000354FB = {
			isa = PBXGroup;
			children = (
				A7AD9B0C26970273000354FB /* smallGame */,
				A7AD9B2326970274000354FB /* smallGameTests */,
				A7AD9B2D26970274000354FB /* smallGameUITests */,
				A7AD9B0B26970273000354FB /* Products */,
			);
			sourceTree = "<group>";
		};
		A7AD9B0B26970273000354FB /* Products */ = {
			isa = PBXGroup;
			children = (
				A7AD9B0A26970273000354FB /* smallGame.app */,
				A7AD9B2026970274000354FB /* smallGameTests.xctest */,
				A7AD9B2A26970274000354FB /* smallGameUITests.xctest */,
			);
			name = Products;
			sourceTree = "<group>";
		};
		A7AD9B0C26970273000354FB /* smallGame */ = {
			isa = PBXGroup;
			children = (
				A76FC00926970EB100C68D89 /* 清松手寫體2jas.ttf */,
				A7AD9B0D26970273000354FB /* AppDelegate.swift */,
				A7AD9B0F26970273000354FB /* SceneDelegate.swift */,
				A7AD9B1126970273000354FB /* ViewController.swift */,
				A7AD9B1326970273000354FB /* Main.storyboard */,
				A7AD9B1626970274000354FB /* Assets.xcassets */,
				A7AD9B1826970274000354FB /* LaunchScreen.storyboard */,
				A7AD9B1B26970274000354FB /* Info.plist */,
			);
			path = smallGame;
			sourceTree = "<group>";
		};
		A7AD9B2326970274000354FB /* smallGameTests */ = {
			isa = PBXGroup;
			children = (
				A7AD9B2426970274000354FB /* smallGameTests.swift */,
			);
			path = smallGameTests;
			sourceTree = "<group>";
		};
		A7AD9B2D26970274000354FB /* smallGameUITests */ = {
			isa = PBXGroup;
			children = (
				A7AD9B2E26970274000354FB /* smallGameUITests.swift */,
			);
			path = smallGameUITests;
			sourceTree = "<group>";
		};
/* End PBXGroup section */

/* Begin PBXNativeTarget section */
		A7AD9B0926970273000354FB /* smallGame */ = {
			isa = PBXNativeTarget;
			buildConfigurationList = A7AD9B3226970274000354FB /* Build configuration list for PBXNativeTarget "smallGame" */;
			buildPhases = (
				A7AD9B0626970273000354FB /* Sources */,
				A7AD9B0726970273000354FB /* Frameworks */,
				A7AD9B0826970273000354FB /* Resources */,
			);
			buildRules = (
			);
			dependencies = (
			);
			name = smallGame;
			productName = smallGame;
			productReference = A7AD9B0A26970273000354FB /* smallGame.app */;
			productType = "com.apple.product-type.application";
		};
		A7AD9B1F26970274000354FB /* smallGameTests */ = {
			isa = PBXNativeTarget;
			buildConfigurationList = A7AD9B3526970274000354FB /* Build configuration list for PBXNativeTarget "smallGameTests" */;
			buildPhases = (
				A7AD9B1C26970274000354FB /* Sources */,
				A7AD9B1D26970274000354FB /* Frameworks */,
				A7AD9B1E26970274000354FB /* Resources */,
			);
			buildRules = (
			);
			dependencies = (
				A7AD9B2226970274000354FB /* PBXTargetDependency */,
			);
			name = smallGameTests;
			productName = smallGameTests;
			productReference = A7AD9B2026970274000354FB /* smallGameTests.xctest */;
			productType = "com.apple.product-type.bundle.unit-test";
		};
		A7AD9B2926970274000354FB /* smallGameUITests */ = {
			isa = PBXNativeTarget;
			buildConfigurationList = A7AD9B3826970274000354FB /* Build configuration list for PBXNativeTarget "smallGameUITests" */;
			buildPhases = (
				A7AD9B2626970274000354FB /* Sources */,
				A7AD9B2726970274000354FB /* Frameworks */,
				A7AD9B2826970274000354FB /* Resources */,
			);
			buildRules = (
			);
			dependencies = (
				A7AD9B2C26970274000354FB /* PBXTargetDependency */,
			);
			name = smallGameUITests;
			productName = smallGameUITests;
			productReference = A7AD9B2A26970274000354FB /* smallGameUITests.xctest */;
			productType = "com.apple.product-type.bundle.ui-testing";
		};
/* End PBXNativeTarget section */

/* Begin PBXProject section */
		A7AD9B0226970273000354FB /* Project object */ = {
			isa = PBXProject;
			attributes = {
				BuildIndependentTargetsInParallel = 1;
				LastSwiftUpdateCheck = 1300;
				LastUpgradeCheck = 1300;
				TargetAttributes = {
					A7AD9B0926970273000354FB = {
						CreatedOnToolsVersion = 13.0;
					};
					A7AD9B1F26970274000354FB = {
						CreatedOnToolsVersion = 13.0;
						TestTargetID = A7AD9B0926970273000354FB;
					};
					A7AD9B2926970274000354FB = {
						CreatedOnToolsVersion = 13.0;
						TestTargetID = A7AD9B0926970273000354FB;
					};
				};
			};
			buildConfigurationList = A7AD9B0526970273000354FB /* Build configuration list for PBXProject "smallGame" */;
			compatibilityVersion = "Xcode 13.0";
			developmentRegion = en;
			hasScannedForEncodings = 0;
			knownRegions = (
				en,
				Base,
			);
			mainGroup = A7AD9B0126970273000354FB;
			productRefGroup = A7AD9B0B26970273000354FB /* Products */;
			projectDirPath = "";
			projectRoot = "";
			targets = (
				A7AD9B0926970273000354FB /* smallGame */,
				A7AD9B1F26970274000354FB /* smallGameTests */,
				A7AD9B2926970274000354FB /* smallGameUITests */,
			);
		};
/* End PBXProject section */

/* Begin PBXResourcesBuildPhase section */
		A7AD9B0826970273000354FB /* Resources */ = {
			isa = PBXResourcesBuildPhase;
			buildActionMask = 2147483647;
			files = (
				A7AD9B1A26970274000354FB /* LaunchScreen.storyboard in Resources */,
				A7AD9B1726970274000354FB /* Assets.xcassets in Resources */,
				A76FC00A26970EB100C68D89 /* 清松手寫體2jas.ttf in Resources */,
				A7AD9B1526970273000354FB /* Main.storyboard in Resources */,
			);
			runOnlyForDeploymentPostprocessing = 0;
		};
		A7AD9B1E26970274000354FB /* Resources */ = {
			isa = PBXResourcesBuildPhase;
			buildActionMask = 2147483647;
			files = (
				A76FC00B26970EB100C68D89 /* 清松手寫體2jas.ttf in Resources */,
			);
			runOnlyForDeploymentPostprocessing = 0;
		};
		A7AD9B2826970274000354FB /* Resources */ = {
			isa = PBXResourcesBuildPhase;
			buildActionMask = 2147483647;
			files = (
				A76FC00C26970EB100C68D89 /* 清松手寫體2jas.ttf in Resources */,
			);
			runOnlyForDeploymentPostprocessing = 0;
		};
/* End PBXResourcesBuildPhase section */

/* Begin PBXSourcesBuildPhase section */
		A7AD9B0626970273000354FB /* Sources */ = {
			isa = PBXSourcesBuildPhase;
			buildActionMask = 2147483647;
			files = (
				A7AD9B1226970273000354FB /* ViewController.swift in Sources */,
				A7AD9B0E26970273000354FB /* AppDelegate.swift in Sources */,
				A7AD9B1026970273000354FB /* SceneDelegate.swift in Sources */,
			);
			runOnlyForDeploymentPostprocessing = 0;
		};
		A7AD9B1C26970274000354FB /* Sources */ = {
			isa = PBXSourcesBuildPhase;
			buildActionMask = 2147483647;
			files = (
				A7AD9B2526970274000354FB /* smallGameTests.swift in Sources */,
			);
			runOnlyForDeploymentPostprocessing = 0;
		};
		A7AD9B2626970274000354FB /* Sources */ = {
			isa = PBXSourcesBuildPhase;
			buildActionMask = 2147483647;
			files = (
				A7AD9B2F26970274000354FB /* smallGameUITests.swift in Sources */,
			);
			runOnlyForDeploymentPostprocessing = 0;
		};
/* End PBXSourcesBuildPhase section */

/* Begin PBXTargetDependency section */
		A7AD9B2226970274000354FB /* PBXTargetDependency */ = {
			isa = PBXTargetDependency;
			target = A7AD9B0926970273000354FB /* smallGame */;
			targetProxy = A7AD9B2126970274000354FB /* PBXContainerItemProxy */;
		};
		A7AD9B2C26970274000354FB /* PBXTargetDependency */ = {
			isa = PBXTargetDependency;
			target = A7AD9B0926970273000354FB /* smallGame */;
			targetProxy = A7AD9B2B26970274000354FB /* PBXContainerItemProxy */;
		};
/* End PBXTargetDependency section */

/* Begin PBXVariantGroup section */
		A7AD9B1326970273000354FB /* Main.storyboard */ = {
			isa = PBXVariantGroup;
			children = (
				A7AD9B1426970273000354FB /* Base */,
			);
			name = Main.storyboard;
			sourceTree = "<group>";
		};
		A7AD9B1826970274000354FB /* LaunchScreen.storyboard */ = {
			isa = PBXVariantGroup;
			children = (
				A7AD9B1926970274000354FB /* Base */,
			);
			name = LaunchScreen.storyboard;
			sourceTree = "<group>";
		};
/* End PBXVariantGroup section */

/* Begin XCBuildConfiguration section */
		A7AD9B3026970274000354FB /* Debug */ = {
			isa = XCBuildConfiguration;
			buildSettings = {
				ALWAYS_SEARCH_USER_PATHS = NO;
				CLANG_ANALYZER_NONNULL = YES;
				CLANG_ANALYZER_NUMBER_OBJECT_CONVERSION = YES_AGGRESSIVE;
				CLANG_CXX_LANGUAGE_STANDARD = "gnu++14";
				CLANG_CXX_LIBRARY = "libc++";
				CLANG_ENABLE_MODULES = YES;
				CLANG_ENABLE_OBJC_ARC = YES;
				CLANG_ENABLE_OBJC_WEAK = YES;
				CLANG_WARN_BLOCK_CAPTURE_AUTORELEASING = YES;
				CLANG_WARN_BOOL_CONVERSION = YES;
				CLANG_WARN_COMMA = YES;
				CLANG_WARN_CONSTANT_CONVERSION = YES;
				CLANG_WARN_DEPRECATED_OBJC_IMPLEMENTATIONS = YES;
				CLANG_WARN_DIRECT_OBJC_ISA_USAGE = YES_ERROR;
				CLANG_WARN_DOCUMENTATION_COMMENTS = YES;
				CLANG_WARN_EMPTY_BODY = YES;
				CLANG_WARN_ENUM_CONVERSION = YES;
				CLANG_WARN_INFINITE_RECURSION = YES;
				CLANG_WARN_INT_CONVERSION = YES;
				CLANG_WARN_NON_LITERAL_NULL_CONVERSION = YES;
				CLANG_WARN_OBJC_IMPLICIT_RETAIN_SELF = YES;
				CLANG_WARN_OBJC_LITERAL_CONVERSION = YES;
				CLANG_WARN_OBJC_ROOT_CLASS = YES_ERROR;
				CLANG_WARN_QUOTED_INCLUDE_IN_FRAMEWORK_HEADER = YES;
				CLANG_WARN_RANGE_LOOP_ANALYSIS = YES;
				CLANG_WARN_STRICT_PROTOTYPES = YES;
				CLANG_WARN_SUSPICIOUS_MOVE = YES;
				CLANG_WARN_UNGUARDED_AVAILABILITY = YES_AGGRESSIVE;
				CLANG_WARN_UNREACHABLE_CODE = YES;
				CLANG_WARN__DUPLICATE_METHOD_MATCH = YES;
				COPY_PHASE_STRIP = NO;
				DEBUG_INFORMATION_FORMAT = dwarf;
				ENABLE_STRICT_OBJC_MSGSEND = YES;
				ENABLE_TESTABILITY = YES;
				GCC_C_LANGUAGE_STANDARD = gnu11;
				GCC_DYNAMIC_NO_PIC = NO;
				GCC_NO_COMMON_BLOCKS = YES;
				GCC_OPTIMIZATION_LEVEL = 0;
				GCC_PREPROCESSOR_DEFINITIONS = (
					"DEBUG=1",
					"$(inherited)",
				);
				GCC_WARN_64_TO_32_BIT_CONVERSION = YES;
				GCC_WARN_ABOUT_RETURN_TYPE = YES_ERROR;
				GCC_WARN_UNDECLARED_SELECTOR = YES;
				GCC_WARN_UNINITIALIZED_AUTOS = YES_AGGRESSIVE;
				GCC_WARN_UNUSED_FUNCTION = YES;
				GCC_WARN_UNUSED_VARIABLE = YES;
				IPHONEOS_DEPLOYMENT_TARGET = 15.0;
				MTL_ENABLE_DEBUG_INFO = INCLUDE_SOURCE;
				MTL_FAST_MATH = YES;
				ONLY_ACTIVE_ARCH = YES;
				SDKROOT = iphoneos;
				SWIFT_ACTIVE_COMPILATION_CONDITIONS = DEBUG;
				SWIFT_OPTIMIZATION_LEVEL = "-Onone";
			};
			name = Debug;
		};
		A7AD9B3126970274000354FB /* Release */ = {
			isa = XCBuildConfiguration;
			buildSettings = {
				ALWAYS_SEARCH_USER_PATHS = NO;
				CLANG_ANALYZER_NONNULL = YES;
				CLANG_ANALYZER_NUMBER_OBJECT_CONVERSION = YES_AGGRESSIVE;
				CLANG_CXX_LANGUAGE_STANDARD = "gnu++14";
				CLANG_CXX_LIBRARY = "libc++";
				CLANG_ENABLE_MODULES = YES;
				CLANG_ENABLE_OBJC_ARC = YES;
				CLANG_ENABLE_OBJC_WEAK = YES;
				CLANG_WARN_BLOCK_CAPTURE_AUTORELEASING = YES;
				CLANG_WARN_BOOL_CONVERSION = YES;
				CLANG_WARN_COMMA = YES;
				CLANG_WARN_CONSTANT_CONVERSION = YES;
				CLANG_WARN_DEPRECATED_OBJC_IMPLEMENTATIONS = YES;
				CLANG_WARN_DIRECT_OBJC_ISA_USAGE = YES_ERROR;
				CLANG_WARN_DOCUMENTATION_COMMENTS = YES;
				CLANG_WARN_EMPTY_BODY = YES;
				CLANG_WARN_ENUM_CONVERSION = YES;
				CLANG_WARN_INFINITE_RECURSION = YES;
				CLANG_WARN_INT_CONVERSION = YES;
				CLANG_WARN_NON_LITERAL_NULL_CONVERSION = YES;
				CLANG_WARN_OBJC_IMPLICIT_RETAIN_SELF = YES;
				CLANG_WARN_OBJC_LITERAL_CONVERSION = YES;
				CLANG_WARN_OBJC_ROOT_CLASS = YES_ERROR;
				CLANG_WARN_QUOTED_INCLUDE_IN_FRAMEWORK_HEADER = YES;
				CLANG_WARN_RANGE_LOOP_ANALYSIS = YES;
				CLANG_WARN_STRICT_PROTOTYPES = YES;
				CLANG_WARN_SUSPICIOUS_MOVE = YES;
				CLANG_WARN_UNGUARDED_AVAILABILITY = YES_AGGRESSIVE;
				CLANG_WARN_UNREACHABLE_CODE = YES;
				CLANG_WARN__DUPLICATE_METHOD_MATCH = YES;
				COPY_PHASE_STRIP = NO;
				DEBUG_INFORMATION_FORMAT = "dwarf-with-dsym";
				ENABLE_NS_ASSERTIONS = NO;
				ENABLE_STRICT_OBJC_MSGSEND = YES;
				GCC_C_LANGUAGE_STANDARD = gnu11;
				GCC_NO_COMMON_BLOCKS = YES;
				GCC_WARN_64_TO_32_BIT_CONVERSION = YES;
				GCC_WARN_ABOUT_RETURN_TYPE = YES_ERROR;
				GCC_WARN_UNDECLARED_SELECTOR = YES;
				GCC_WARN_UNINITIALIZED_AUTOS = YES_AGGRESSIVE;
				GCC_WARN_UNUSED_FUNCTION = YES;
				GCC_WARN_UNUSED_VARIABLE = YES;
				IPHONEOS_DEPLOYMENT_TARGET = 15.0;
				MTL_ENABLE_DEBUG_INFO = NO;
				MTL_FAST_MATH = YES;
				SDKROOT = iphoneos;
				SWIFT_COMPILATION_MODE = wholemodule;
				SWIFT_OPTIMIZATION_LEVEL = "-O";
				VALIDATE_PRODUCT = YES;
			};
			name = Release;
		};
		A7AD9B3326970274000354FB /* Debug */ = {
			isa = XCBuildConfiguration;
			buildSettings = {
				ASSETCATALOG_COMPILER_APPICON_NAME = AppIcon;
				ASSETCATALOG_COMPILER_GLOBAL_ACCENT_COLOR_NAME = AccentColor;
				CODE_SIGN_STYLE = Automatic;
				CURRENT_PROJECT_VERSION = 1;
				DEVELOPMENT_TEAM = WA34G25776;
				GENERATE_INFOPLIST_FILE = YES;
				INFOPLIST_FILE = smallGame/Info.plist;
				INFOPLIST_KEY_UIApplicationSupportsIndirectInputEvents = YES;
				INFOPLIST_KEY_UILaunchStoryboardName = LaunchScreen;
				INFOPLIST_KEY_UIMainStoryboardFile = Main;
				INFOPLIST_KEY_UISupportedInterfaceOrientations_iPad = "UIInterfaceOrientationPortrait UIInterfaceOrientationPortraitUpsideDown UIInterfaceOrientationLandscapeLeft UIInterfaceOrientationLandscapeRight";
				INFOPLIST_KEY_UISupportedInterfaceOrientations_iPhone = "UIInterfaceOrientationPortrait UIInterfaceOrientationLandscapeLeft UIInterfaceOrientationLandscapeRight";
				LD_RUNPATH_SEARCH_PATHS = (
					"$(inherited)",
					"@executable_path/Frameworks",
				);
				MARKETING_VERSION = 1.0;
				PRODUCT_BUNDLE_IDENTIFIER = jhen0605.smallGame;
				PRODUCT_NAME = "$(TARGET_NAME)";
				SWIFT_EMIT_LOC_STRINGS = YES;
				SWIFT_VERSION = 5.0;
				TARGETED_DEVICE_FAMILY = "1,2";
			};
			name = Debug;
		};
		A7AD9B3426970274000354FB /* Release */ = {
			isa = XCBuildConfiguration;
			buildSettings = {
				ASSETCATALOG_COMPILER_APPICON_NAME = AppIcon;
				ASSETCATALOG_COMPILER_GLOBAL_ACCENT_COLOR_NAME = AccentColor;
				CODE_SIGN_STYLE = Automatic;
				CURRENT_PROJECT_VERSION = 1;
				DEVELOPMENT_TEAM = WA34G25776;
				GENERATE_INFOPLIST_FILE = YES;
				INFOPLIST_FILE = smallGame/Info.plist;
				INFOPLIST_KEY_UIApplicationSupportsIndirectInputEvents = YES;
				INFOPLIST_KEY_UILaunchStoryboardName = LaunchScreen;
				INFOPLIST_KEY_UIMainStoryboardFile = Main;
				INFOPLIST_KEY_UISupportedInterfaceOrientations_iPad = "UIInterfaceOrientationPortrait UIInterfaceOrientationPortraitUpsideDown UIInterfaceOrientationLandscapeLeft UIInterfaceOrientationLandscapeRight";
				INFOPLIST_KEY_UISupportedInterfaceOrientations_iPhone = "UIInterfaceOrientationPortrait UIInterfaceOrientationLandscapeLeft UIInterfaceOrientationLandscapeRight";
				LD_RUNPATH_SEARCH_PATHS = (
					"$(inherited)",
					"@executable_path/Frameworks",
				);
				MARKETING_VERSION = 1.0;
				PRODUCT_BUNDLE_IDENTIFIER = jhen0605.smallGame;
				PRODUCT_NAME = "$(TARGET_NAME)";
				SWIFT_EMIT_LOC_STRINGS = YES;
				SWIFT_VERSION = 5.0;
				TARGETED_DEVICE_FAMILY = "1,2";
			};
			name = Release;
		};
		A7AD9B3626970274000354FB /* Debug */ = {
			isa = XCBuildConfiguration;
			buildSettings = {
				ALWAYS_EMBED_SWIFT_STANDARD_LIBRARIES = YES;
				BUNDLE_LOADER = "$(TEST_HOST)";
				CODE_SIGN_STYLE = Automatic;
				CURRENT_PROJECT_VERSION = 1;
				DEVELOPMENT_TEAM = WA34G25776;
				GENERATE_INFOPLIST_FILE = YES;
				IPHONEOS_DEPLOYMENT_TARGET = 15.0;
				LD_RUNPATH_SEARCH_PATHS = (
					"$(inherited)",
					"@executable_path/Frameworks",
					"@loader_path/Frameworks",
				);
				MARKETING_VERSION = 1.0;
				PRODUCT_BUNDLE_IDENTIFIER = jhen0605.smallGameTests;
				PRODUCT_NAME = "$(TARGET_NAME)";
				SWIFT_EMIT_LOC_STRINGS = NO;
				SWIFT_VERSION = 5.0;
				TARGETED_DEVICE_FAMILY = "1,2";
				TEST_HOST = "$(BUILT_PRODUCTS_DIR)/smallGame.app/smallGame";
			};
			name = Debug;
		};
		A7AD9B3726970274000354FB /* Release */ = {
			isa = XCBuildConfiguration;
			buildSettings = {
				ALWAYS_EMBED_SWIFT_STANDARD_LIBRARIES = YES;
				BUNDLE_LOADER = "$(TEST_HOST)";
				CODE_SIGN_STYLE = Automatic;
				CURRENT_PROJECT_VERSION = 1;
				DEVELOPMENT_TEAM = WA34G25776;
				GENERATE_INFOPLIST_FILE = YES;
				IPHONEOS_DEPLOYMENT_TARGET = 15.0;
				LD_RUNPATH_SEARCH_PATHS = (
					"$(inherited)",
					"@executable_path/Frameworks",
					"@loader_path/Frameworks",
				);
				MARKETING_VERSION = 1.0;
				PRODUCT_BUNDLE_IDENTIFIER = jhen0605.smallGameTests;
				PRODUCT_NAME = "$(TARGET_NAME)";
				SWIFT_EMIT_LOC_STRINGS = NO;
				SWIFT_VERSION = 5.0;
				TARGETED_DEVICE_FAMILY = "1,2";
				TEST_HOST = "$(BUILT_PRODUCTS_DIR)/smallGame.app/smallGame";
			};
			name = Release;
		};
		A7AD9B3926970274000354FB /* Debug */ = {
			isa = XCBuildConfiguration;
			buildSettings = {
				ALWAYS_EMBED_SWIFT_STANDARD_LIBRARIES = YES;
				CODE_SIGN_STYLE = Automatic;
				CURRENT_PROJECT_VERSION = 1;
				DEVELOPMENT_TEAM = WA34G25776;
				GENERATE_INFOPLIST_FILE = YES;
				LD_RUNPATH_SEARCH_PATHS = (
					"$(inherited)",
					"@executable_path/Frameworks",
					"@loader_path/Frameworks",
				);
				MARKETING_VERSION = 1.0;
				PRODUCT_BUNDLE_IDENTIFIER = jhen0605.smallGameUITests;
				PRODUCT_NAME = "$(TARGET_NAME)";
				SWIFT_EMIT_LOC_STRINGS = NO;
				SWIFT_VERSION = 5.0;
				TARGETED_DEVICE_FAMILY = "1,2";
				TEST_TARGET_NAME = smallGame;
			};
			name = Debug;
		};
		A7AD9B3A26970274000354FB /* Release */ = {
			isa = XCBuildConfiguration;
			buildSettings = {
				ALWAYS_EMBED_SWIFT_STANDARD_LIBRARIES = YES;
				CODE_SIGN_STYLE = Automatic;
				CURRENT_PROJECT_VERSION = 1;
				DEVELOPMENT_TEAM = WA34G25776;
				GENERATE_INFOPLIST_FILE = YES;
				LD_RUNPATH_SEARCH_PATHS = (
					"$(inherited)",
					"@executable_path/Frameworks",
					"@loader_path/Frameworks",
				);
				MARKETING_VERSION = 1.0;
				PRODUCT_BUNDLE_IDENTIFIER = jhen0605.smallGameUITests;
				PRODUCT_NAME = "$(TARGET_NAME)";
				SWIFT_EMIT_LOC_STRINGS = NO;
				SWIFT_VERSION = 5.0;
				TARGETED_DEVICE_FAMILY = "1,2";
				TEST_TARGET_NAME = smallGame;
			};
			name = Release;
		};
/* End XCBuildConfiguration section */

/* Begin XCConfigurationList section */
		A7AD9B0526970273000354FB /* Build configuration list for PBXProject "smallGame" */ = {
			isa = XCConfigurationList;
			buildConfigurations = (
				A7AD9B3026970274000354FB /* Debug */,
				A7AD9B3126970274000354FB /* Release */,
			);
			defaultConfigurationIsVisible = 0;
			defaultConfigurationName = Release;
		};
		A7AD9B3226970274000354FB /* Build configuration list for PBXNativeTarget "smallGame" */ = {
			isa = XCConfigurationList;
			buildConfigurations = (
				A7AD9B3326970274000354FB /* Debug */,
				A7AD9B3426970274000354FB /* Release */,
			);
			defaultConfigurationIsVisible = 0;
			defaultConfigurationName = Release;
		};
		A7AD9B3526970274000354FB /* Build configuration list for PBXNativeTarget "smallGameTests" */ = {
			isa = XCConfigurationList;
			buildConfigurations = (
				A7AD9B3626970274000354FB /* Debug */,
				A7AD9B3726970274000354FB /* Release */,
			);
			defaultConfigurationIsVisible = 0;
			defaultConfigurationName = Release;
		};
		A7AD9B3826970274000354FB /* Build configuration list for PBXNativeTarget "smallGameUITests" */ = {
			isa = XCConfigurationList;
			buildConfigurations = (
				A7AD9B3926970274000354FB /* Debug */,
				A7AD9B3A26970274000354FB /* Release */,
			);
			defaultConfigurationIsVisible = 0;
			defaultConfigurationName = Release;
		};
/* End XCConfigurationList section */
	};
	rootObject = A7AD9B0226970273000354FB /* Project object */;
}
